
Microsoft Visual Studio Solution File, Format Version 12.00
# Visual Studio Version 16
VisualStudioVersion = 16.0.31205.134
MinimumVisualStudioVersion = 10.0.40219.1
Project("{FAE04EC0-301F-11D3-BF4B-00C04F79EFBC}") = "ScottAutoRepair", "ScottAutoRepair\ScottAutoRepair.csproj", "{A686D53F-8A6D-4AEC-8B3F-AE52ECC47F9C}"
EndProject
Global
	GlobalSection(SolutionConfigurationPlatforms) = preSolution
		Debug|Any CPU = Debug|Any CPU
		Release|Any CPU = Release|Any CPU
	EndGlobalSection
	GlobalSection(ProjectConfigurationPlatforms) = postSolution
		{A686D53F-8A6D-4AEC-8B3F-AE52ECC47F9C}.Debug|Any CPU.ActiveCfg = Debug|Any CPU
		{A686D53F-8A6D-4AEC-8B3F-AE52ECC47F9C}.Debug|Any CPU.Build.0 = Debug|Any CPU
		{A686D53F-8A6D-4AEC-8B3F-AE52ECC47F9C}.Release|Any CPU.ActiveCfg = Release|Any CPU
		{A686D53F-8A6D-4AEC-8B3F-AE52ECC47F9C}.Release|Any CPU.Build.0 = Release|Any CPU
	EndGlobalSection
	GlobalSection(SolutionProperties) = preSolution
		HideSolutionNode = FALSE
	EndGlobalSection
	GlobalSection(ExtensibilityGlobals) = postSolution
		SolutionGuid = {9915F4F9-49FF-4F6B-831A-97A570FAEE17}
	EndGlobalSection
EndGlobal
